
Microsoft Visual Studio Solution File, Format Version 12.00
# Visual Studio Version 16
VisualStudioVersion = 16.0.31702.278
MinimumVisualStudioVersion = 10.0.40219.1
Project("{FAE04EC0-301F-11D3-BF4B-00C04F79EFBC}") = "PopupsTutorial.Android", "PopupsTutorial\PopupsTutorial.Android\PopupsTutorial.Android.csproj", "{BA2A203E-E871-476D-ABDC-5396270118F0}"
EndProject
Project("{FAE04EC0-301F-11D3-BF4B-00C04F79EFBC}") = "PopupsTutorial.iOS", "PopupsTutorial\PopupsTutorial.iOS\PopupsTutorial.iOS.csproj", "{81B8909F-9B19-492A-B76D-6C3ECD93F736}"
EndProject
Project("{FAE04EC0-301F-11D3-BF4B-00C04F79EFBC}") = "PopupsTutorial", "PopupsTutorial\PopupsTutorial\PopupsTutorial.csproj", "{13903DB3-EF81-4054-A0CC-799145DBAC70}"
EndProject
Global
	GlobalSection(SolutionConfigurationPlatforms) = preSolution
		Debug|Any CPU = Debug|Any CPU
		Debug|iPhone = Debug|iPhone
		Debug|iPhoneSimulator = Debug|iPhoneSimulator
		Release|Any CPU = Release|Any CPU
		Release|iPhone = Release|iPhone
		Release|iPhoneSimulator = Release|iPhoneSimulator
	EndGlobalSection
	GlobalSection(ProjectConfigurationPlatforms) = postSolution
		{BA2A203E-E871-476D-ABDC-5396270118F0}.Debug|Any CPU.ActiveCfg = Debug|Any CPU
		{BA2A203E-E871-476D-ABDC-5396270118F0}.Debug|Any CPU.Build.0 = Debug|Any CPU
		{BA2A203E-E871-476D-ABDC-5396270118F0}.Debug|Any CPU.Deploy.0 = Debug|Any CPU
		{BA2A203E-E871-476D-ABDC-5396270118F0}.Debug|iPhone.ActiveCfg = Debug|Any CPU
		{BA2A203E-E871-476D-ABDC-5396270118F0}.Debug|iPhone.Build.0 = Debug|Any CPU
		{BA2A203E-E871-476D-ABDC-5396270118F0}.Debug|iPhone.Deploy.0 = Debug|Any CPU
		{BA2A203E-E871-476D-ABDC-5396270118F0}.Debug|iPhoneSimulator.ActiveCfg = Debug|Any CPU
		{BA2A203E-E871-476D-ABDC-5396270118F0}.Debug|iPhoneSimulator.Build.0 = Debug|Any CPU
		{BA2A203E-E871-476D-ABDC-5396270118F0}.Debug|iPhoneSimulator.Deploy.0 = Debug|Any CPU
		{BA2A203E-E871-476D-ABDC-5396270118F0}.Release|Any CPU.ActiveCfg = Release|Any CPU
		{BA2A203E-E871-476D-ABDC-5396270118F0}.Release|Any CPU.Build.0 = Release|Any CPU
		{BA2A203E-E871-476D-ABDC-5396270118F0}.Release|Any CPU.Deploy.0 = Release|Any CPU
		{BA2A203E-E871-476D-ABDC-5396270118F0}.Release|iPhone.ActiveCfg = Release|Any CPU
		{BA2A203E-E871-476D-ABDC-5396270118F0}.Release|iPhone.Build.0 = Release|Any CPU
		{BA2A203E-E871-476D-ABDC-5396270118F0}.Release|iPhone.Deploy.0 = Release|Any CPU
		{BA2A203E-E871-476D-ABDC-5396270118F0}.Release|iPhoneSimulator.ActiveCfg = Release|Any CPU
		{BA2A203E-E871-476D-ABDC-5396270118F0}.Release|iPhoneSimulator.Build.0 = Release|Any CPU
		{BA2A203E-E871-476D-ABDC-5396270118F0}.Release|iPhoneSimulator.Deploy.0 = Release|Any CPU
		{81B8909F-9B19-492A-B76D-6C3ECD93F736}.Debug|Any CPU.ActiveCfg = Debug|iPhone
		{81B8909F-9B19-492A-B76D-6C3ECD93F736}.Debug|Any CPU.Build.0 = Debug|iPhone
		{81B8909F-9B19-492A-B76D-6C3ECD93F736}.Debug|Any CPU.Deploy.0 = Debug|iPhone
		{81B8909F-9B19-492A-B76D-6C3ECD93F736}.Debug|iPhone.ActiveCfg = Debug|iPhone
		{81B8909F-9B19-492A-B76D-6C3ECD93F736}.Debug|iPhone.Build.0 = Debug|iPhone
		{81B8909F-9B19-492A-B76D-6C3ECD93F736}.Debug|iPhone.Deploy.0 = Debug|iPhone
		{81B8909F-9B19-492A-B76D-6C3ECD93F736}.Debug|iPhoneSimulator.ActiveCfg = Debug|iPhoneSimulator
		{81B8909F-9B19-492A-B76D-6C3ECD93F736}.Debug|iPhoneSimulator.Build.0 = Debug|iPhoneSimulator
		{81B8909F-9B19-492A-B76D-6C3ECD93F736}.Debug|iPhoneSimulator.Deploy.0 = Debug|iPhoneSimulator
		{81B8909F-9B19-492A-B76D-6C3ECD93F736}.Release|Any CPU.ActiveCfg = Release|iPhoneSimulator
		{81B8909F-9B19-492A-B76D-6C3ECD93F736}.Release|Any CPU.Build.0 = Release|iPhoneSimulator
		{81B8909F-9B19-492A-B76D-6C3ECD93F736}.Release|Any CPU.Deploy.0 = Release|iPhoneSimulator
		{81B8909F-9B19-492A-B76D-6C3ECD93F736}.Release|iPhone.ActiveCfg = Release|iPhone
		{81B8909F-9B19-492A-B76D-6C3ECD93F736}.Release|iPhone.Build.0 = Release|iPhone
		{81B8909F-9B19-492A-B76D-6C3ECD93F736}.Release|iPhone.Deploy.0 = Release|iPhone
		{81B8909F-9B19-492A-B76D-6C3ECD93F736}.Release|iPhoneSimulator.ActiveCfg = Release|iPhoneSimulator
		{81B8909F-9B19-492A-B76D-6C3ECD93F736}.Release|iPhoneSimulator.Build.0 = Release|iPhoneSimulator
		{81B8909F-9B19-492A-B76D-6C3ECD93F736}.Release|iPhoneSimulator.Deploy.0 = Release|iPhoneSimulator
		{13903DB3-EF81-4054-A0CC-799145DBAC70}.Debug|Any CPU.ActiveCfg = Debug|Any CPU
		{13903DB3-EF81-4054-A0CC-799145DBAC70}.Debug|Any CPU.Build.0 = Debug|Any CPU
		{13903DB3-EF81-4054-A0CC-799145DBAC70}.Debug|Any CPU.Deploy.0 = Debug|Any CPU
		{13903DB3-EF81-4054-A0CC-799145DBAC70}.Debug|iPhone.ActiveCfg = Debug|Any CPU
		{13903DB3-EF81-4054-A0CC-799145DBAC70}.Debug|iPhone.Build.0 = Debug|Any CPU
		{13903DB3-EF81-4054-A0CC-799145DBAC70}.Debug|iPhone.Deploy.0 = Debug|Any CPU
		{13903DB3-EF81-4054-A0CC-799145DBAC70}.Debug|iPhoneSimulator.ActiveCfg = Debug|Any CPU
		{13903DB3-EF81-4054-A0CC-799145DBAC70}.Debug|iPhoneSimulator.Build.0 = Debug|Any CPU
		{13903DB3-EF81-4054-A0CC-799145DBAC70}.Debug|iPhoneSimulator.Deploy.0 = Debug|Any CPU
		{13903DB3-EF81-4054-A0CC-799145DBAC70}.Release|Any CPU.ActiveCfg = Release|Any CPU
		{13903DB3-EF81-4054-A0CC-799145DBAC70}.Release|Any CPU.Build.0 = Release|Any CPU
		{13903DB3-EF81-4054-A0CC-799145DBAC70}.Release|Any CPU.Deploy.0 = Release|Any CPU
		{13903DB3-EF81-4054-A0CC-799145DBAC70}.Release|iPhone.ActiveCfg = Release|Any CPU
		{13903DB3-EF81-4054-A0CC-799145DBAC70}.Release|iPhone.Build.0 = Release|Any CPU
		{13903DB3-EF81-4054-A0CC-799145DBAC70}.Release|iPhone.Deploy.0 = Release|Any CPU
		{13903DB3-EF81-4054-A0CC-799145DBAC70}.Release|iPhoneSimulator.ActiveCfg = Release|Any CPU
		{13903DB3-EF81-4054-A0CC-799145DBAC70}.Release|iPhoneSimulator.Build.0 = Release|Any CPU
		{13903DB3-EF81-4054-A0CC-799145DBAC70}.Release|iPhoneSimulator.Deploy.0 = Release|Any CPU
	EndGlobalSection
	GlobalSection(SolutionProperties) = preSolution
		HideSolutionNode = FALSE
	EndGlobalSection
	GlobalSection(ExtensibilityGlobals) = postSolution
		SolutionGuid = {BE14FEDE-853E-46E3-8760-7F9DA5EBB66F}
	EndGlobalSection
EndGlobal
